
Microsoft Visual Studio Solution File, Format Version 12.00
# Visual Studio Version 17
VisualStudioVersion = 17.0.31903.59
MinimumVisualStudioVersion = 10.0.40219.1
Project("{9A19103F-16F7-4668-BE54-9A1E7A4F7556}") = "OpenJob", "src\OpenJob\OpenJob.csproj", "{2E19BC05-F78C-4907-A059-C29A4859ADB4}"
EndProject
Project("{2150E333-8FDC-42A3-9474-1A3956D46DE8}") = "src", "src", "{CEE7CD9B-AF89-409C-B6A0-8ADEE9B0632B}"
EndProject
Project("{2150E333-8FDC-42A3-9474-1A3956D46DE8}") = "test", "test", "{D3EF03B6-A8F1-46EC-BA31-227FEF5E06F4}"
EndProject
Project("{9A19103F-16F7-4668-BE54-9A1E7A4F7556}") = "OpenJob.Tests", "test\OpenJob.Tests\OpenJob.Tests.csproj", "{BCD64C9B-7318-48D6-88B4-5156AD71F3A7}"
EndProject
Project("{9A19103F-16F7-4668-BE54-9A1E7A4F7556}") = "OpenJob.Shared", "src\OpenJob.Shared\OpenJob.Shared.csproj", "{AF2172BD-7746-4EC1-B98F-5FC2E04BB8FD}"
EndProject
Project("{9A19103F-16F7-4668-BE54-9A1E7A4F7556}") = "OpenJob.Worker", "src\OpenJob.Worker\OpenJob.Worker.csproj", "{72DC592D-2566-450D-ABDB-D5B3DD525826}"
EndProject
Project("{9A19103F-16F7-4668-BE54-9A1E7A4F7556}") = "OpenJob.Application", "src\OpenJob.Application\OpenJob.Application.csproj", "{0BAA0A62-7E95-402C-9B7A-3FCDEBCFA1FB}"
EndProject
Project("{9A19103F-16F7-4668-BE54-9A1E7A4F7556}") = "OpenJob.Application.Contracts", "src\OpenJob.Application.Contracts\OpenJob.Application.Contracts.csproj", "{5506A62D-579C-4304-A0E7-5BEA0955147A}"
EndProject
Project("{9A19103F-16F7-4668-BE54-9A1E7A4F7556}") = "OpenJob.DbMigrator", "src\OpenJob.DbMigrator\OpenJob.DbMigrator.csproj", "{7DF89FBE-5909-4F9C-9338-C594069A08DC}"
EndProject
Project("{9A19103F-16F7-4668-BE54-9A1E7A4F7556}") = "OpenJob.Domain", "src\OpenJob.Domain\OpenJob.Domain.csproj", "{037FC99B-07BA-4B77-BE08-AE46BD0EFD31}"
EndProject
Project("{9A19103F-16F7-4668-BE54-9A1E7A4F7556}") = "OpenJob.Domain.Shared", "src\OpenJob.Domain.Shared\OpenJob.Domain.Shared.csproj", "{2817169C-EA7C-4376-AB56-70DE60E4536C}"
EndProject
Project("{9A19103F-16F7-4668-BE54-9A1E7A4F7556}") = "OpenJob.EntityFrameworkCore", "src\OpenJob.EntityFrameworkCore\OpenJob.EntityFrameworkCore.csproj", "{B7996B41-4A86-4103-8F51-5F9261CA647A}"
EndProject
Project("{9A19103F-16F7-4668-BE54-9A1E7A4F7556}") = "OpenJob.HttpApi.Host", "src\OpenJob.HttpApi.Host\OpenJob.HttpApi.Host.csproj", "{F78CEAC5-B927-4C1D-B900-63217B7705EC}"
EndProject
Project("{9A19103F-16F7-4668-BE54-9A1E7A4F7556}") = "OpenJob.Blazor", "src\OpenJob.Blazor\OpenJob.Blazor.csproj", "{8BC02BAE-7810-4111-BB40-70DBC4EE63E9}"
EndProject
Project("{9A19103F-16F7-4668-BE54-9A1E7A4F7556}") = "OpenJob.HttpApi.Client", "src\OpenJob.HttpApi.Client\OpenJob.HttpApi.Client.csproj", "{F25AB55C-674F-43F5-AFBD-699FB12ED276}"
EndProject
Project("{9A19103F-16F7-4668-BE54-9A1E7A4F7556}") = "OpenJob.HttpApi", "src\OpenJob.HttpApi\OpenJob.HttpApi.csproj", "{A575FA32-FBA7-4B91-BCCE-62BD1A228FE1}"
EndProject
Project("{9A19103F-16F7-4668-BE54-9A1E7A4F7556}") = "OpenJob.Server.Host", "src\OpenJob.Server.Host\OpenJob.Server.Host.csproj", "{793C22E5-C5FB-46CB-8224-D6EB25030CB3}"
EndProject
Project("{FAE04EC0-301F-11D3-BF4B-00C04F79EFBC}") = "OpenJob.Server", "src\OpenJob.Server\OpenJob.Server.csproj", "{44190E71-3693-4D93-863E-2B1C047A9B89}"
EndProject
Global
	GlobalSection(SolutionConfigurationPlatforms) = preSolution
		Debug|Any CPU = Debug|Any CPU
		Release|Any CPU = Release|Any CPU
	EndGlobalSection
	GlobalSection(ProjectConfigurationPlatforms) = postSolution
		{2E19BC05-F78C-4907-A059-C29A4859ADB4}.Debug|Any CPU.ActiveCfg = Debug|Any CPU
		{2E19BC05-F78C-4907-A059-C29A4859ADB4}.Debug|Any CPU.Build.0 = Debug|Any CPU
		{2E19BC05-F78C-4907-A059-C29A4859ADB4}.Release|Any CPU.ActiveCfg = Release|Any CPU
		{2E19BC05-F78C-4907-A059-C29A4859ADB4}.Release|Any CPU.Build.0 = Release|Any CPU
		{BCD64C9B-7318-48D6-88B4-5156AD71F3A7}.Debug|Any CPU.ActiveCfg = Debug|Any CPU
		{BCD64C9B-7318-48D6-88B4-5156AD71F3A7}.Debug|Any CPU.Build.0 = Debug|Any CPU
		{BCD64C9B-7318-48D6-88B4-5156AD71F3A7}.Release|Any CPU.ActiveCfg = Release|Any CPU
		{BCD64C9B-7318-48D6-88B4-5156AD71F3A7}.Release|Any CPU.Build.0 = Release|Any CPU
		{AF2172BD-7746-4EC1-B98F-5FC2E04BB8FD}.Debug|Any CPU.ActiveCfg = Debug|Any CPU
		{AF2172BD-7746-4EC1-B98F-5FC2E04BB8FD}.Debug|Any CPU.Build.0 = Debug|Any CPU
		{AF2172BD-7746-4EC1-B98F-5FC2E04BB8FD}.Release|Any CPU.ActiveCfg = Release|Any CPU
		{AF2172BD-7746-4EC1-B98F-5FC2E04BB8FD}.Release|Any CPU.Build.0 = Release|Any CPU
		{72DC592D-2566-450D-ABDB-D5B3DD525826}.Debug|Any CPU.ActiveCfg = Debug|Any CPU
		{72DC592D-2566-450D-ABDB-D5B3DD525826}.Debug|Any CPU.Build.0 = Debug|Any CPU
		{72DC592D-2566-450D-ABDB-D5B3DD525826}.Release|Any CPU.ActiveCfg = Release|Any CPU
		{72DC592D-2566-450D-ABDB-D5B3DD525826}.Release|Any CPU.Build.0 = Release|Any CPU
		{0BAA0A62-7E95-402C-9B7A-3FCDEBCFA1FB}.Debug|Any CPU.ActiveCfg = Debug|Any CPU
		{0BAA0A62-7E95-402C-9B7A-3FCDEBCFA1FB}.Debug|Any CPU.Build.0 = Debug|Any CPU
		{0BAA0A62-7E95-402C-9B7A-3FCDEBCFA1FB}.Release|Any CPU.ActiveCfg = Release|Any CPU
		{0BAA0A62-7E95-402C-9B7A-3FCDEBCFA1FB}.Release|Any CPU.Build.0 = Release|Any CPU
		{5506A62D-579C-4304-A0E7-5BEA0955147A}.Debug|Any CPU.ActiveCfg = Debug|Any CPU
		{5506A62D-579C-4304-A0E7-5BEA0955147A}.Debug|Any CPU.Build.0 = Debug|Any CPU
		{5506A62D-579C-4304-A0E7-5BEA0955147A}.Release|Any CPU.ActiveCfg = Release|Any CPU
		{5506A62D-579C-4304-A0E7-5BEA0955147A}.Release|Any CPU.Build.0 = Release|Any CPU
		{7DF89FBE-5909-4F9C-9338-C594069A08DC}.Debug|Any CPU.ActiveCfg = Debug|Any CPU
		{7DF89FBE-5909-4F9C-9338-C594069A08DC}.Debug|Any CPU.Build.0 = Debug|Any CPU
		{7DF89FBE-5909-4F9C-9338-C594069A08DC}.Release|Any CPU.ActiveCfg = Release|Any CPU
		{7DF89FBE-5909-4F9C-9338-C594069A08DC}.Release|Any CPU.Build.0 = Release|Any CPU
		{037FC99B-07BA-4B77-BE08-AE46BD0EFD31}.Debug|Any CPU.ActiveCfg = Debug|Any CPU
		{037FC99B-07BA-4B77-BE08-AE46BD0EFD31}.Debug|Any CPU.Build.0 = Debug|Any CPU
		{037FC99B-07BA-4B77-BE08-AE46BD0EFD31}.Release|Any CPU.ActiveCfg = Release|Any CPU
		{037FC99B-07BA-4B77-BE08-AE46BD0EFD31}.Release|Any CPU.Build.0 = Release|Any CPU
		{2817169C-EA7C-4376-AB56-70DE60E4536C}.Debug|Any CPU.ActiveCfg = Debug|Any CPU
		{2817169C-EA7C-4376-AB56-70DE60E4536C}.Debug|Any CPU.Build.0 = Debug|Any CPU
		{2817169C-EA7C-4376-AB56-70DE60E4536C}.Release|Any CPU.ActiveCfg = Release|Any CPU
		{2817169C-EA7C-4376-AB56-70DE60E4536C}.Release|Any CPU.Build.0 = Release|Any CPU
		{B7996B41-4A86-4103-8F51-5F9261CA647A}.Debug|Any CPU.ActiveCfg = Debug|Any CPU
		{B7996B41-4A86-4103-8F51-5F9261CA647A}.Debug|Any CPU.Build.0 = Debug|Any CPU
		{B7996B41-4A86-4103-8F51-5F9261CA647A}.Release|Any CPU.ActiveCfg = Release|Any CPU
		{B7996B41-4A86-4103-8F51-5F9261CA647A}.Release|Any CPU.Build.0 = Release|Any CPU
		{F78CEAC5-B927-4C1D-B900-63217B7705EC}.Debug|Any CPU.ActiveCfg = Debug|Any CPU
		{F78CEAC5-B927-4C1D-B900-63217B7705EC}.Debug|Any CPU.Build.0 = Debug|Any CPU
		{F78CEAC5-B927-4C1D-B900-63217B7705EC}.Release|Any CPU.ActiveCfg = Release|Any CPU
		{F78CEAC5-B927-4C1D-B900-63217B7705EC}.Release|Any CPU.Build.0 = Release|Any CPU
		{8BC02BAE-7810-4111-BB40-70DBC4EE63E9}.Debug|Any CPU.ActiveCfg = Debug|Any CPU
		{8BC02BAE-7810-4111-BB40-70DBC4EE63E9}.Debug|Any CPU.Build.0 = Debug|Any CPU
		{8BC02BAE-7810-4111-BB40-70DBC4EE63E9}.Release|Any CPU.ActiveCfg = Release|Any CPU
		{8BC02BAE-7810-4111-BB40-70DBC4EE63E9}.Release|Any CPU.Build.0 = Release|Any CPU
		{F25AB55C-674F-43F5-AFBD-699FB12ED276}.Debug|Any CPU.ActiveCfg = Debug|Any CPU
		{F25AB55C-674F-43F5-AFBD-699FB12ED276}.Debug|Any CPU.Build.0 = Debug|Any CPU
		{F25AB55C-674F-43F5-AFBD-699FB12ED276}.Release|Any CPU.ActiveCfg = Release|Any CPU
		{F25AB55C-674F-43F5-AFBD-699FB12ED276}.Release|Any CPU.Build.0 = Release|Any CPU
		{A575FA32-FBA7-4B91-BCCE-62BD1A228FE1}.Debug|Any CPU.ActiveCfg = Debug|Any CPU
		{A575FA32-FBA7-4B91-BCCE-62BD1A228FE1}.Debug|Any CPU.Build.0 = Debug|Any CPU
		{A575FA32-FBA7-4B91-BCCE-62BD1A228FE1}.Release|Any CPU.ActiveCfg = Release|Any CPU
		{A575FA32-FBA7-4B91-BCCE-62BD1A228FE1}.Release|Any CPU.Build.0 = Release|Any CPU
		{793C22E5-C5FB-46CB-8224-D6EB25030CB3}.Debug|Any CPU.ActiveCfg = Debug|Any CPU
		{793C22E5-C5FB-46CB-8224-D6EB25030CB3}.Debug|Any CPU.Build.0 = Debug|Any CPU
		{793C22E5-C5FB-46CB-8224-D6EB25030CB3}.Release|Any CPU.ActiveCfg = Release|Any CPU
		{793C22E5-C5FB-46CB-8224-D6EB25030CB3}.Release|Any CPU.Build.0 = Release|Any CPU
		{44190E71-3693-4D93-863E-2B1C047A9B89}.Debug|Any CPU.ActiveCfg = Debug|Any CPU
		{44190E71-3693-4D93-863E-2B1C047A9B89}.Debug|Any CPU.Build.0 = Debug|Any CPU
		{44190E71-3693-4D93-863E-2B1C047A9B89}.Release|Any CPU.ActiveCfg = Release|Any CPU
		{44190E71-3693-4D93-863E-2B1C047A9B89}.Release|Any CPU.Build.0 = Release|Any CPU
	EndGlobalSection
	GlobalSection(SolutionProperties) = preSolution
		HideSolutionNode = FALSE
	EndGlobalSection
	GlobalSection(NestedProjects) = preSolution
		{2E19BC05-F78C-4907-A059-C29A4859ADB4} = {CEE7CD9B-AF89-409C-B6A0-8ADEE9B0632B}
		{BCD64C9B-7318-48D6-88B4-5156AD71F3A7} = {D3EF03B6-A8F1-46EC-BA31-227FEF5E06F4}
		{AF2172BD-7746-4EC1-B98F-5FC2E04BB8FD} = {CEE7CD9B-AF89-409C-B6A0-8ADEE9B0632B}
		{72DC592D-2566-450D-ABDB-D5B3DD525826} = {CEE7CD9B-AF89-409C-B6A0-8ADEE9B0632B}
		{0BAA0A62-7E95-402C-9B7A-3FCDEBCFA1FB} = {CEE7CD9B-AF89-409C-B6A0-8ADEE9B0632B}
		{5506A62D-579C-4304-A0E7-5BEA0955147A} = {CEE7CD9B-AF89-409C-B6A0-8ADEE9B0632B}
		{7DF89FBE-5909-4F9C-9338-C594069A08DC} = {CEE7CD9B-AF89-409C-B6A0-8ADEE9B0632B}
		{037FC99B-07BA-4B77-BE08-AE46BD0EFD31} = {CEE7CD9B-AF89-409C-B6A0-8ADEE9B0632B}
		{2817169C-EA7C-4376-AB56-70DE60E4536C} = {CEE7CD9B-AF89-409C-B6A0-8ADEE9B0632B}
		{B7996B41-4A86-4103-8F51-5F9261CA647A} = {CEE7CD9B-AF89-409C-B6A0-8ADEE9B0632B}
		{F78CEAC5-B927-4C1D-B900-63217B7705EC} = {CEE7CD9B-AF89-409C-B6A0-8ADEE9B0632B}
		{8BC02BAE-7810-4111-BB40-70DBC4EE63E9} = {CEE7CD9B-AF89-409C-B6A0-8ADEE9B0632B}
		{F25AB55C-674F-43F5-AFBD-699FB12ED276} = {CEE7CD9B-AF89-409C-B6A0-8ADEE9B0632B}
		{A575FA32-FBA7-4B91-BCCE-62BD1A228FE1} = {CEE7CD9B-AF89-409C-B6A0-8ADEE9B0632B}
		{793C22E5-C5FB-46CB-8224-D6EB25030CB3} = {CEE7CD9B-AF89-409C-B6A0-8ADEE9B0632B}
		{44190E71-3693-4D93-863E-2B1C047A9B89} = {CEE7CD9B-AF89-409C-B6A0-8ADEE9B0632B}
	EndGlobalSection
	GlobalSection(ExtensibilityGlobals) = postSolution
		SolutionGuid = {63E2660C-C1D9-4768-90FD-289F36581842}
	EndGlobalSection
EndGlobal
